
Microsoft Visual Studio Solution File, Format Version 12.00
# Visual Studio Version 16
VisualStudioVersion = 16.0.30128.74
MinimumVisualStudioVersion = 10.0.40219.1
Project("{FAE04EC0-301F-11D3-BF4B-00C04F79EFBC}") = "Forms_6", "Forms_6\Forms_6.csproj", "{C3897960-7D8A-4F92-80BE-B12D984BEA1D}"
EndProject
Global
	GlobalSection(SolutionConfigurationPlatforms) = preSolution
		Debug|Any CPU = Debug|Any CPU
		Release|Any CPU = Release|Any CPU
	EndGlobalSection
	GlobalSection(ProjectConfigurationPlatforms) = postSolution
		{C3897960-7D8A-4F92-80BE-B12D984BEA1D}.Debug|Any CPU.ActiveCfg = Debug|Any CPU
		{C3897960-7D8A-4F92-80BE-B12D984BEA1D}.Debug|Any CPU.Build.0 = Debug|Any CPU
		{C3897960-7D8A-4F92-80BE-B12D984BEA1D}.Release|Any CPU.ActiveCfg = Release|Any CPU
		{C3897960-7D8A-4F92-80BE-B12D984BEA1D}.Release|Any CPU.Build.0 = Release|Any CPU
	EndGlobalSection
	GlobalSection(SolutionProperties) = preSolution
		HideSolutionNode = FALSE
	EndGlobalSection
	GlobalSection(ExtensibilityGlobals) = postSolution
		SolutionGuid = {290BB764-45C5-453A-AE11-239EA751EF15}
	EndGlobalSection
EndGlobal
