
Microsoft Visual Studio Solution File, Format Version 12.00
# Visual Studio Version 16
VisualStudioVersion = 16.0.30128.74
MinimumVisualStudioVersion = 10.0.40219.1
Project("{FAE04EC0-301F-11D3-BF4B-00C04F79EFBC}") = "Forms_4", "Forms_4\Forms_4.csproj", "{3A47D824-D376-4B01-AC91-3BFEE19F8937}"
EndProject
Global
	GlobalSection(SolutionConfigurationPlatforms) = preSolution
		Debug|Any CPU = Debug|Any CPU
		Release|Any CPU = Release|Any CPU
	EndGlobalSection
	GlobalSection(ProjectConfigurationPlatforms) = postSolution
		{3A47D824-D376-4B01-AC91-3BFEE19F8937}.Debug|Any CPU.ActiveCfg = Debug|Any CPU
		{3A47D824-D376-4B01-AC91-3BFEE19F8937}.Debug|Any CPU.Build.0 = Debug|Any CPU
		{3A47D824-D376-4B01-AC91-3BFEE19F8937}.Release|Any CPU.ActiveCfg = Release|Any CPU
		{3A47D824-D376-4B01-AC91-3BFEE19F8937}.Release|Any CPU.Build.0 = Release|Any CPU
	EndGlobalSection
	GlobalSection(SolutionProperties) = preSolution
		HideSolutionNode = FALSE
	EndGlobalSection
	GlobalSection(ExtensibilityGlobals) = postSolution
		SolutionGuid = {2045777D-4C70-4ECA-83B8-81FF7F6B852B}
	EndGlobalSection
EndGlobal
